# This file is generated by running "yarn install" inside your project.
# Manual changes might be lost - proceed with caution!

__metadata:
  version: 8
  cacheKey: 10c0

"@grpc/grpc-js@npm:^1.14.3":
  version: 1.14.4
  resolution: "@grpc/grpc-js@npm:1.14.4"
  dependencies:
    "@grpc/proto-loader": "npm:^0.8.0"
    "@js-sdsl/ordered-map": "npm:^4.4.2"
  checksum: 10c0/0ff6395e8112ad30e8f99dbb684b997ebc3264e770b8e354f23effeedf181a380e0ecef8bca466cbbf3e9141968656144851de1da50f840a1efd9314c9812449
  languageName: node
  linkType: hard

"@grpc/proto-loader@npm:^0.8.0":
  version: 0.8.1
  resolution: "@grpc/proto-loader@npm:0.8.1"
  dependencies:
    lodash.camelcase: "npm:^4.3.0"
    long: "npm:^5.0.0"
    protobufjs: "npm:^7.5.5"
    yargs: "npm:^17.7.2"
  bin:
    proto-loader-gen-types: build/bin/proto-loader-gen-types.js
  checksum: 10c0/900814c2cbedd76ce5de083adc0696f746a652a79eeb09e8d04d53b864179e2c9aa127997b9bba8ef5f0ce0c11ee700a0e467732eb6cb1f3efdb952583533ccf
  languageName: node
  linkType: hard

"@js-sdsl/ordered-map@npm:^4.4.2":
  version: 4.4.2
  resolution: "@js-sdsl/ordered-map@npm:4.4.2"
  checksum: 10c0/cc7e15dc4acf6d9ef663757279600bab70533d847dcc1ab01332e9e680bd30b77cdf9ad885cc774276f51d98b05a013571c940e5b360985af5eb798dc1a2ee2b
  languageName: node
  linkType: hard

"@langfuse/client@npm:^5.11.1":
  version: 5.11.1
  resolution: "@langfuse/client@npm:5.11.1"
  dependencies:
    "@langfuse/core": "npm:^5.11.1"
    "@langfuse/tracing": "npm:^5.11.1"
    mustache: "npm:^4.2.0"
  peerDependencies:
    "@opentelemetry/api": ^1.9.0
  checksum: 10c0/22d47ad562c3a233ff4db1e9d18c5ee0ed1bfaa655723d1e507fb9235cdb7718f610104085bd171b03b573d98c4851e63a0ec5ab9a6ee66446c08979e99ccb1d
  languageName: node
  linkType: hard

"@langfuse/core@npm:^5.11.1":
  version: 5.11.1
  resolution: "@langfuse/core@npm:5.11.1"
  peerDependencies:
    "@opentelemetry/api": ^1.9.0
  checksum: 10c0/9e2b1d5e7513dd28c1584afbf890d05c71f6f98edaa29da630031043b21d878f198538f4af28b8da005fa8c39096f92c7321de3588fca5c50fae14e9cfda6c0c
  languageName: node
  linkType: hard

"@langfuse/otel@npm:^5.11.1":
  version: 5.11.1
  resolution: "@langfuse/otel@npm:5.11.1"
  dependencies:
    "@langfuse/core": "npm:^5.11.1"
  peerDependencies:
    "@opentelemetry/api": ^1.9.0
    "@opentelemetry/core": ^2.0.1
    "@opentelemetry/exporter-trace-otlp-http": ">=0.202.0 <1.0.0"
    "@opentelemetry/sdk-trace-base": ^2.0.1
  checksum: 10c0/5ddeff7923440a9c23e3abc176aa3ad9e1edc43c4de810dc0c2467a09b854b6c36319089db1d97c0b77c337b3465501c3de6c962a4909ec28cb82ca5af22d36b
  languageName: node
  linkType: hard

"@langfuse/tracing@npm:^5.11.1":
  version: 5.11.1
  resolution: "@langfuse/tracing@npm:5.11.1"
  dependencies:
    "@langfuse/core": "npm:^5.11.1"
  peerDependencies:
    "@opentelemetry/api": ^1.9.0
  checksum: 10c0/d230232b6ccd3c763845df908e91bc47c27e85e30385494eb43e20f1f8f9dce2758a4b39194b43a6007ec8b72761a7dbacbc9eb318f8b9c96d241de7b1285d32
  languageName: node
  linkType: hard

"@opentelemetry/api-logs@npm:0.221.0":
  version: 0.221.0
  resolution: "@opentelemetry/api-logs@npm:0.221.0"
  dependencies:
    "@opentelemetry/api": "npm:^1.3.0"
  checksum: 10c0/fdbd3e761a59b58faa9b3204b85ddbdab1e436e44535a7dfa2f8e539b94fc8e6e43a483d2178b5fdd316a4ffcb48dc852f8d6de4c3e860821a8d82552dd0322d
  languageName: node
  linkType: hard

"@opentelemetry/api@npm:^1.3.0, @opentelemetry/api@npm:^1.9.0":
  version: 1.9.1
  resolution: "@opentelemetry/api@npm:1.9.1"
  checksum: 10c0/c608485fc8b5a91e1f7e05e843b45b509307456b31cd2ad365933d90813e40ebfedf179f1451c762037e82d7c76aa8500e95d2da3609f640a1206cde5322cd14
  languageName: node
  linkType: hard

"@opentelemetry/configuration@npm:0.221.0":
  version: 0.221.0
  resolution: "@opentelemetry/configuration@npm:0.221.0"
  dependencies:
    "@opentelemetry/core": "npm:2.10.0"
    yaml: "npm:^2.8.3"
  peerDependencies:
    "@opentelemetry/api": ^1.9.0
  checksum: 10c0/cc78ef85e285db030c2b612ebb71e5f8f62612b590b5aab7f33d66fe90e9bf27793a20e23768bba377ae74decce22aab6be6d456baca7d183cc27a3592e72fec
  languageName: node
  linkType: hard

"@opentelemetry/context-async-hooks@npm:2.10.0":
  version: 2.10.0
  resolution: "@opentelemetry/context-async-hooks@npm:2.10.0"
  peerDependencies:
    "@opentelemetry/api": ">=1.0.0 <1.10.0"
  checksum: 10c0/51548614325182afc819aba98492998f64f4978fea4e71e0335cfdd772a85620f05de54ee649b8d888bf939a3db641f269b41bbd5588460441ee20f652706fad
  languageName: node
  linkType: hard

"@opentelemetry/core@npm:2.10.0, @opentelemetry/core@npm:^2.0.1":
  version: 2.10.0
  resolution: "@opentelemetry/core@npm:2.10.0"
  dependencies:
    "@opentelemetry/semantic-conventions": "npm:^1.29.0"
  peerDependencies:
    "@opentelemetry/api": ">=1.0.0 <1.10.0"
  checksum: 10c0/fe79c3f77881c5cdd5cff17825f847536fb7882d8c7e26356081ab20c1a16910ae54ffb1deb49ec34293cc2da5bf8501f30acb51e7e159184f2320ebba958c3f
  languageName: node
  linkType: hard

"@opentelemetry/exporter-logs-otlp-grpc@npm:0.221.0":
  version: 0.221.0
  resolution: "@opentelemetry/exporter-logs-otlp-grpc@npm:0.221.0"
  dependencies:
    "@opentelemetry/otlp-exporter-base": "npm:0.221.0"
    "@opentelemetry/otlp-grpc-exporter-base": "npm:0.221.0"
    "@opentelemetry/otlp-transformer": "npm:0.221.0"
    "@opentelemetry/sdk-logs": "npm:0.221.0"
  peerDependencies:
    "@opentelemetry/api": ^1.3.0
  checksum: 10c0/f7150c0b8f54925581ec6439727c31fcdaa83fabb5030fbc883b291999e54282c429b25127c11c2a78e997eed1a1f3017bacd713d4e860c3d5826a28e8ffc6e6
  languageName: node
  linkType: hard

"@opentelemetry/exporter-logs-otlp-http@npm:0.221.0":
  version: 0.221.0
  resolution: "@opentelemetry/exporter-logs-otlp-http@npm:0.221.0"
  dependencies:
    "@opentelemetry/otlp-exporter-base": "npm:0.221.0"
    "@opentelemetry/otlp-transformer": "npm:0.221.0"
    "@opentelemetry/sdk-logs": "npm:0.221.0"
  peerDependencies:
    "@opentelemetry/api": ^1.3.0
  checksum: 10c0/6509e2de06874b5384d1babe5987ce681187263e1d3a7d05eb4e18168b8770a55f2a64e4d9a4957665f99ed341ed8109e997d3d580a10d65c17c423f18c21e79
  languageName: node
  linkType: hard

"@opentelemetry/exporter-logs-otlp-proto@npm:0.221.0":
  version: 0.221.0
  resolution: "@opentelemetry/exporter-logs-otlp-proto@npm:0.221.0"
  dependencies:
    "@opentelemetry/otlp-exporter-base": "npm:0.221.0"
    "@opentelemetry/otlp-transformer": "npm:0.221.0"
    "@opentelemetry/sdk-logs": "npm:0.221.0"
  peerDependencies:
    "@opentelemetry/api": ^1.3.0
  checksum: 10c0/62c1fbb56710f85c984ad2e82702f3d11903929d87b17ab7013ac9388f1e0f297020d7a58238f83639bbeb2d8ea500f3349850e7dc27bfd3aacb55fbb4efce1d
  languageName: node
  linkType: hard

"@opentelemetry/exporter-metrics-otlp-grpc@npm:0.221.0":
  version: 0.221.0
  resolution: "@opentelemetry/exporter-metrics-otlp-grpc@npm:0.221.0"
  dependencies:
    "@opentelemetry/exporter-metrics-otlp-http": "npm:0.221.0"
    "@opentelemetry/otlp-grpc-exporter-base": "npm:0.221.0"
    "@opentelemetry/otlp-transformer": "npm:0.221.0"
  peerDependencies:
    "@opentelemetry/api": ^1.3.0
  checksum: 10c0/c02a824a6ffe7decb35bb083b0356762af14bc4a9292a85fa3982335440f3b757b166f77315e5bbd50e3fcc6cd9a1c092a0d62cc0ad45763d2fbec6a7db367c6
  languageName: node
  linkType: hard

"@opentelemetry/exporter-metrics-otlp-http@npm:0.221.0":
  version: 0.221.0
  resolution: "@opentelemetry/exporter-metrics-otlp-http@npm:0.221.0"
  dependencies:
    "@opentelemetry/core": "npm:2.10.0"
    "@opentelemetry/otlp-exporter-base": "npm:0.221.0"
    "@opentelemetry/otlp-transformer": "npm:0.221.0"
    "@opentelemetry/resources": "npm:2.10.0"
    "@opentelemetry/sdk-metrics": "npm:2.10.0"
  peerDependencies:
    "@opentelemetry/api": ^1.3.0
  checksum: 10c0/a2e4ba08b5f603bf08f5d8273be9df541162a6cb3bdc92497688e0711c9168805a5b9a994da2cf367a6b8f871d3e210e7cca5cc9313218042dbf206cb808b4c7
  languageName: node
  linkType: hard

"@opentelemetry/exporter-metrics-otlp-proto@npm:0.221.0":
  version: 0.221.0
  resolution: "@opentelemetry/exporter-metrics-otlp-proto@npm:0.221.0"
  dependencies:
    "@opentelemetry/exporter-metrics-otlp-http": "npm:0.221.0"
    "@opentelemetry/otlp-exporter-base": "npm:0.221.0"
    "@opentelemetry/otlp-transformer": "npm:0.221.0"
  peerDependencies:
    "@opentelemetry/api": ^1.3.0
  checksum: 10c0/adfe28e7d28a27029a034b3d485b02ccc89bb6a88a305410071bbe25d7d383f1b0cf7917e8f6eac71ecf737505d14ad3816f055c377a4d9eb32b4f53abe7299e
  languageName: node
  linkType: hard

"@opentelemetry/exporter-prometheus@npm:0.221.0":
  version: 0.221.0
  resolution: "@opentelemetry/exporter-prometheus@npm:0.221.0"
  dependencies:
    "@opentelemetry/core": "npm:2.10.0"
    "@opentelemetry/resources": "npm:2.10.0"
    "@opentelemetry/sdk-metrics": "npm:2.10.0"
    "@opentelemetry/semantic-conventions": "npm:^1.29.0"
  peerDependencies:
    "@opentelemetry/api": ^1.3.0
  checksum: 10c0/a5a546e2e042335bd289e15bff88fc83b4a879d6a42c42d64ecdda6cf6d6215dc7108e8c2ce741d377f2c4eb9c3583b900f1cddd0c18bcffd366f7a6443e0fa3
  languageName: node
  linkType: hard

"@opentelemetry/exporter-trace-otlp-grpc@npm:0.221.0":
  version: 0.221.0
  resolution: "@opentelemetry/exporter-trace-otlp-grpc@npm:0.221.0"
  dependencies:
    "@opentelemetry/otlp-exporter-base": "npm:0.221.0"
    "@opentelemetry/otlp-grpc-exporter-base": "npm:0.221.0"
    "@opentelemetry/otlp-transformer": "npm:0.221.0"
    "@opentelemetry/sdk-trace": "npm:2.10.0"
  peerDependencies:
    "@opentelemetry/api": ^1.3.0
  checksum: 10c0/b6657e4f78dda18c08a94fa5ce2bb0ab093bb2ae2a1acc18bafc66d1d991c93e1ebe95b03d94e66e5c51bb767c3f3c82cb39f9ad5f880f9d559ab5866fc194b2
  languageName: node
  linkType: hard

"@opentelemetry/exporter-trace-otlp-http@npm:0.221.0, @opentelemetry/exporter-trace-otlp-http@npm:^0.221.0":
  version: 0.221.0
  resolution: "@opentelemetry/exporter-trace-otlp-http@npm:0.221.0"
  dependencies:
    "@opentelemetry/otlp-exporter-base": "npm:0.221.0"
    "@opentelemetry/otlp-transformer": "npm:0.221.0"
    "@opentelemetry/sdk-trace": "npm:2.10.0"
  peerDependencies:
    "@opentelemetry/api": ^1.3.0
  checksum: 10c0/a6b6419b4ff1f8ec3e89c62cb44ff9aae0dde5bd717a302221f263672ef076c7a9bf8cbd264691ccf559582e28ddb0fab0025ce2460e07f44ca426c302684003
  languageName: node
  linkType: hard

"@opentelemetry/exporter-trace-otlp-proto@npm:0.221.0":
  version: 0.221.0
  resolution: "@opentelemetry/exporter-trace-otlp-proto@npm:0.221.0"
  dependencies:
    "@opentelemetry/otlp-exporter-base": "npm:0.221.0"
    "@opentelemetry/otlp-transformer": "npm:0.221.0"
    "@opentelemetry/sdk-trace": "npm:2.10.0"
  peerDependencies:
    "@opentelemetry/api": ^1.3.0
  checksum: 10c0/fba5dc3eed2309986903cb8cfd57b3aa7e1ac0cf814730a4c4a31821c3935193506d6f9ab881b6f5e1f05cdc692d685505e83333b53786cb413f36a1e9361a77
  languageName: node
  linkType: hard

"@opentelemetry/exporter-zipkin@npm:2.10.0":
  version: 2.10.0
  resolution: "@opentelemetry/exporter-zipkin@npm:2.10.0"
  dependencies:
    "@opentelemetry/core": "npm:2.10.0"
    "@opentelemetry/resources": "npm:2.10.0"
    "@opentelemetry/sdk-trace": "npm:2.10.0"
    "@opentelemetry/semantic-conventions": "npm:^1.29.0"
  peerDependencies:
    "@opentelemetry/api": ^1.0.0
  checksum: 10c0/4d27a466a4e37053e98002a281a33aee89313328832d12c31b244d7c42de67c16bd53ffa1073652c627c9463a77289e79e8313ad127db6d53080a42461989146
  languageName: node
  linkType: hard

"@opentelemetry/instrumentation@npm:0.221.0":
  version: 0.221.0
  resolution: "@opentelemetry/instrumentation@npm:0.221.0"
  dependencies:
    "@opentelemetry/api-logs": "npm:0.221.0"
    import-in-the-middle: "npm:^3.0.0"
    require-in-the-middle: "npm:^8.0.0"
  peerDependencies:
    "@opentelemetry/api": ^1.3.0
  checksum: 10c0/0a5ecc7a96b4155223b77f21716d12231f15a5a505b1a7304e4d555c6cc256a4f351db0e76e2b741e23b713445ffc5adb08694d3695f78b3b7b1f00ce7da4f3d
  languageName: node
  linkType: hard

"@opentelemetry/otlp-exporter-base@npm:0.221.0":
  version: 0.221.0
  resolution: "@opentelemetry/otlp-exporter-base@npm:0.221.0"
  dependencies:
    "@opentelemetry/core": "npm:2.10.0"
    "@opentelemetry/otlp-transformer": "npm:0.221.0"
  peerDependencies:
    "@opentelemetry/api": ^1.3.0
  checksum: 10c0/7a0d2bc88520127286688374e4ebebacb771bafb1310e68bda04901869eb59d35d90c122f43b48b80e28d8f1a3e984755a4f659d01070954d0d25d2526c2c090
  languageName: node
  linkType: hard

"@opentelemetry/otlp-grpc-exporter-base@npm:0.221.0":
  version: 0.221.0
  resolution: "@opentelemetry/otlp-grpc-exporter-base@npm:0.221.0"
  dependencies:
    "@grpc/grpc-js": "npm:^1.14.3"
    "@opentelemetry/core": "npm:2.10.0"
    "@opentelemetry/otlp-exporter-base": "npm:0.221.0"
    "@opentelemetry/otlp-transformer": "npm:0.221.0"
  peerDependencies:
    "@opentelemetry/api": ^1.3.0
  checksum: 10c0/6b21ad3dba598143924a9eb120cd8d6a3ed382faa679dc412036e19427ece6fd4b33908f4e98b11ae9a3165e1a36b63c1baa05c2d38640a9b8863778d0982b74
  languageName: node
  linkType: hard

"@opentelemetry/otlp-transformer@npm:0.221.0":
  version: 0.221.0
  resolution: "@opentelemetry/otlp-transformer@npm:0.221.0"
  dependencies:
    "@opentelemetry/api-logs": "npm:0.221.0"
    "@opentelemetry/core": "npm:2.10.0"
    "@opentelemetry/resources": "npm:2.10.0"
    "@opentelemetry/sdk-logs": "npm:0.221.0"
    "@opentelemetry/sdk-metrics": "npm:2.10.0"
    "@opentelemetry/sdk-trace": "npm:2.10.0"
  peerDependencies:
    "@opentelemetry/api": ^1.3.0
  checksum: 10c0/fdfcf353cbe0a08a025dd77b60b22a4413ba7ab454ac30b6d8e9b1bf10401998e3ddc4007231b5c14828d002cd9a021e8db16ef5e27a56ee28cc45c2fb50810b
  languageName: node
  linkType: hard

"@opentelemetry/propagator-b3@npm:2.10.0":
  version: 2.10.0
  resolution: "@opentelemetry/propagator-b3@npm:2.10.0"
  dependencies:
    "@opentelemetry/core": "npm:2.10.0"
  peerDependencies:
    "@opentelemetry/api": ">=1.0.0 <1.10.0"
  checksum: 10c0/cae1d29a4c16aaed39eee3b13e0cf0d55c92d4507c88ae718afe5dd24e451ecfb4f16e963756adec080bc2542981be558a71c7673ce9c258837871bef5382dd2
  languageName: node
  linkType: hard

"@opentelemetry/propagator-jaeger@npm:2.10.0":
  version: 2.10.0
  resolution: "@opentelemetry/propagator-jaeger@npm:2.10.0"
  dependencies:
    "@opentelemetry/core": "npm:2.10.0"
  peerDependencies:
    "@opentelemetry/api": ">=1.0.0 <1.10.0"
  checksum: 10c0/c0447304bdc5dc1575fc47de433d873e550d51d9f4a11d5bf5b74d7aeac57b1de4095d37a6b01e515d46ae122f50e96ced4f1929399c3100bd9b7c605338c9d5
  languageName: node
  linkType: hard

"@opentelemetry/resources@npm:2.10.0":
  version: 2.10.0
  resolution: "@opentelemetry/resources@npm:2.10.0"
  dependencies:
    "@opentelemetry/core": "npm:2.10.0"
    "@opentelemetry/semantic-conventions": "npm:^1.29.0"
  peerDependencies:
    "@opentelemetry/api": ">=1.3.0 <1.10.0"
  checksum: 10c0/23e227a7fee39f93fee9b956fd7e46558807df633ee5a00b0ce0aed11bef587bf03489e02c330e8e414ab6fe4f011c8fe4d5b03a1fbd0003481f29a428bb9433
  languageName: node
  linkType: hard

"@opentelemetry/sdk-logs@npm:0.221.0":
  version: 0.221.0
  resolution: "@opentelemetry/sdk-logs@npm:0.221.0"
  dependencies:
    "@opentelemetry/api-logs": "npm:0.221.0"
    "@opentelemetry/core": "npm:2.10.0"
    "@opentelemetry/resources": "npm:2.10.0"
    "@opentelemetry/semantic-conventions": "npm:^1.29.0"
  peerDependencies:
    "@opentelemetry/api": ">=1.4.0 <1.10.0"
  checksum: 10c0/3047a8d6aed684da71f53ab47793820870d4c73edc76ac1a00aafdad3faaf66c2ae5a271a9019bfc463c564b542d2988310317e071ecb74c4b2cb0129b7e8e47
  languageName: node
  linkType: hard

"@opentelemetry/sdk-metrics@npm:2.10.0":
  version: 2.10.0
  resolution: "@opentelemetry/sdk-metrics@npm:2.10.0"
  dependencies:
    "@opentelemetry/core": "npm:2.10.0"
    "@opentelemetry/resources": "npm:2.10.0"
  peerDependencies:
    "@opentelemetry/api": ">=1.9.0 <1.10.0"
  checksum: 10c0/4f952a5c33790ec61b399beb11b64104fd51cc5f8d749a3b6c8a2e7b89512aa3b59470c3ebd297322d1922458aaf93a071727bc865d2049fab360f8ca2cf3057
  languageName: node
  linkType: hard

"@opentelemetry/sdk-node@npm:^0.221.0":
  version: 0.221.0
  resolution: "@opentelemetry/sdk-node@npm:0.221.0"
  dependencies:
    "@opentelemetry/api-logs": "npm:0.221.0"
    "@opentelemetry/configuration": "npm:0.221.0"
    "@opentelemetry/context-async-hooks": "npm:2.10.0"
    "@opentelemetry/core": "npm:2.10.0"
    "@opentelemetry/exporter-logs-otlp-grpc": "npm:0.221.0"
    "@opentelemetry/exporter-logs-otlp-http": "npm:0.221.0"
    "@opentelemetry/exporter-logs-otlp-proto": "npm:0.221.0"
    "@opentelemetry/exporter-metrics-otlp-grpc": "npm:0.221.0"
    "@opentelemetry/exporter-metrics-otlp-http": "npm:0.221.0"
    "@opentelemetry/exporter-metrics-otlp-proto": "npm:0.221.0"
    "@opentelemetry/exporter-prometheus": "npm:0.221.0"
    "@opentelemetry/exporter-trace-otlp-grpc": "npm:0.221.0"
    "@opentelemetry/exporter-trace-otlp-http": "npm:0.221.0"
    "@opentelemetry/exporter-trace-otlp-proto": "npm:0.221.0"
    "@opentelemetry/exporter-zipkin": "npm:2.10.0"
    "@opentelemetry/instrumentation": "npm:0.221.0"
    "@opentelemetry/otlp-exporter-base": "npm:0.221.0"
    "@opentelemetry/otlp-grpc-exporter-base": "npm:0.221.0"
    "@opentelemetry/propagator-b3": "npm:2.10.0"
    "@opentelemetry/propagator-jaeger": "npm:2.10.0"
    "@opentelemetry/resources": "npm:2.10.0"
    "@opentelemetry/sdk-logs": "npm:0.221.0"
    "@opentelemetry/sdk-metrics": "npm:2.10.0"
    "@opentelemetry/sdk-trace": "npm:2.10.0"
    "@opentelemetry/sdk-trace-base": "npm:2.10.0"
    "@opentelemetry/sdk-trace-node": "npm:2.10.0"
    "@opentelemetry/semantic-conventions": "npm:^1.29.0"
  peerDependencies:
    "@opentelemetry/api": ">=1.3.0 <1.10.0"
  checksum: 10c0/ba83d780f85d565efaaa726d3b7d1ff24bed5bec8ef8c7acdddb4c8af4c5543ddf65263197d18a29742c6a6d1785c6b1cec309397c503531f07d5a3e763bbd42
  languageName: node
  linkType: hard

"@opentelemetry/sdk-trace-base@npm:2.10.0, @opentelemetry/sdk-trace-base@npm:^2.0.1":
  version: 2.10.0
  resolution: "@opentelemetry/sdk-trace-base@npm:2.10.0"
  dependencies:
    "@opentelemetry/core": "npm:2.10.0"
    "@opentelemetry/resources": "npm:2.10.0"
    "@opentelemetry/sdk-trace": "npm:2.10.0"
    "@opentelemetry/semantic-conventions": "npm:^1.29.0"
  peerDependencies:
    "@opentelemetry/api": ">=1.3.0 <1.10.0"
  checksum: 10c0/181768e44a69141958538f1d30f0ea2d58e6ebfb4dcbf044eb4afd4cc64be1856d540460f46efd8b8ab24195f411ab964b150ee4c363c9bcd71c08c119ba1441
  languageName: node
  linkType: hard

"@opentelemetry/sdk-trace-node@npm:2.10.0":
  version: 2.10.0
  resolution: "@opentelemetry/sdk-trace-node@npm:2.10.0"
  dependencies:
    "@opentelemetry/context-async-hooks": "npm:2.10.0"
    "@opentelemetry/core": "npm:2.10.0"
    "@opentelemetry/sdk-trace-base": "npm:2.10.0"
  peerDependencies:
    "@opentelemetry/api": ">=1.0.0 <1.10.0"
  checksum: 10c0/3b7a99ac838c09cc10a0198348f08e487f349690ea8221c75a228ca5db92b8fdef90d9070df522be9b68e66475e4a90aedf8310a26a4d4d2fb03f69a82f898ac
  languageName: node
  linkType: hard

"@opentelemetry/sdk-trace@npm:2.10.0":
  version: 2.10.0
  resolution: "@opentelemetry/sdk-trace@npm:2.10.0"
  dependencies:
    "@opentelemetry/core": "npm:2.10.0"
    "@opentelemetry/resources": "npm:2.10.0"
    "@opentelemetry/semantic-conventions": "npm:^1.29.0"
  peerDependencies:
    "@opentelemetry/api": ">=1.3.0 <1.10.0"
  checksum: 10c0/8f22a90d197cc6eec8dc3b5a6f81aa7118726052ebcad44948d1e9b146ec897c710f449c73dbda3ce7c580aca17c8c84976928048bb3e1e1428a229b931ede2e
  languageName: node
  linkType: hard

"@opentelemetry/semantic-conventions@npm:^1.29.0":
  version: 1.43.0
  resolution: "@opentelemetry/semantic-conventions@npm:1.43.0"
  checksum: 10c0/ea4b4b07c9414b0c5e7ce7349f608cb2572d16922d96077fb0882b59f173ec9b94aada74896bd5dd4aeb1759924503bd5a34b6dc2847a84c36f71626a0578ec4
  languageName: node
  linkType: hard

"@protobufjs/aspromise@npm:^1.1.1, @protobufjs/aspromise@npm:^1.1.2":
  version: 1.1.2
  resolution: "@protobufjs/aspromise@npm:1.1.2"
  checksum: 10c0/a83343a468ff5b5ec6bff36fd788a64c839e48a07ff9f4f813564f58caf44d011cd6504ed2147bf34835bd7a7dd2107052af755961c6b098fd8902b4f6500d0f
  languageName: node
  linkType: hard

"@protobufjs/base64@npm:^1.1.2":
  version: 1.1.2
  resolution: "@protobufjs/base64@npm:1.1.2"
  checksum: 10c0/eec925e681081af190b8ee231f9bad3101e189abbc182ff279da6b531e7dbd2a56f1f306f37a80b1be9e00aa2d271690d08dcc5f326f71c9eed8546675c8caf6
  languageName: node
  linkType: hard

"@protobufjs/codegen@npm:^2.0.5":
  version: 2.0.5
  resolution: "@protobufjs/codegen@npm:2.0.5"
  checksum: 10c0/1b8a2ae56ee60a56e9d205cd4b6072a1503c5069b8ebb905710f974ff0098a0d0700641c137e0a8d98dedf14423156a106a9433695cbf52574810f55000fdcab
  languageName: node
  linkType: hard

"@protobufjs/eventemitter@npm:^1.1.1":
  version: 1.1.1
  resolution: "@protobufjs/eventemitter@npm:1.1.1"
  checksum: 10c0/8e06193d4629c5e7c09d4f8c2ddba8fc4dfa739f0149f33a1d901568d35bb7b8b5277a4e8452baf3bdd0b302fd599cf255d193267aa93a0a4747e23cd073c4ac
  languageName: node
  linkType: hard

"@protobufjs/fetch@npm:^1.1.1":
  version: 1.1.1
  resolution: "@protobufjs/fetch@npm:1.1.1"
  dependencies:
    "@protobufjs/aspromise": "npm:^1.1.1"
  checksum: 10c0/a497ff5433854e8577f0427983ea39b9113b49a8120f94515291d763327061d2c3013e60e24ea436d091dafae01a0f6eb1867e3b1616045d96a31d8b3c646ed4
  languageName: node
  linkType: hard

"@protobufjs/float@npm:^1.0.2":
  version: 1.0.2
  resolution: "@protobufjs/float@npm:1.0.2"
  checksum: 10c0/18f2bdede76ffcf0170708af15c9c9db6259b771e6b84c51b06df34a9c339dbbeec267d14ce0bddd20acc142b1d980d983d31434398df7f98eb0c94a0eb79069
  languageName: node
  linkType: hard

"@protobufjs/path@npm:^1.1.2":
  version: 1.1.2
  resolution: "@protobufjs/path@npm:1.1.2"
  checksum: 10c0/cece0a938e7f5dfd2fa03f8c14f2f1cf8b0d6e13ac7326ff4c96ea311effd5fb7ae0bba754fbf505312af2e38500250c90e68506b97c02360a43793d88a0d8b4
  languageName: node
  linkType: hard

"@protobufjs/pool@npm:^1.1.0":
  version: 1.1.0
  resolution: "@protobufjs/pool@npm:1.1.0"
  checksum: 10c0/eda2718b7f222ac6e6ad36f758a92ef90d26526026a19f4f17f668f45e0306a5bd734def3f48f51f8134ae0978b6262a5c517c08b115a551756d1a3aadfcf038
  languageName: node
  linkType: hard

"@protobufjs/utf8@npm:^1.1.1":
  version: 1.1.2
  resolution: "@protobufjs/utf8@npm:1.1.2"
  checksum: 10c0/975c6e2c0319bd50c17531d186b537a88cb4d3205e3ca9297cd842b631d341da0ee3ff16be8656cd2660756dc753b29c8a6a14c0ad8ed602c1f91ddf22e7b3f3
  languageName: node
  linkType: hard

"@types/node@npm:>=13.7.0":
  version: 26.4.0
  resolution: "@types/node@npm:26.4.0"
  dependencies:
    undici-types: "npm:~8.3.0"
  checksum: 10c0/e6fc94ea3b58fb8040b38c465dec1c53c1fd9d2c092c81f699d28799726baf59f12e1600318e79e8e6f985bb919dab6ae820180b942b8e38c51acaad63e8aada
  languageName: node
  linkType: hard

"ansi-regex@npm:^5.0.1":
  version: 5.0.1
  resolution: "ansi-regex@npm:5.0.1"
  checksum: 10c0/9a64bb8627b434ba9327b60c027742e5d17ac69277960d041898596271d992d4d52ba7267a63ca10232e29f6107fc8a835f6ce8d719b88c5f8493f8254813737
  languageName: node
  linkType: hard

"ansi-styles@npm:^4.0.0":
  version: 4.3.0
  resolution: "ansi-styles@npm:4.3.0"
  dependencies:
    color-convert: "npm:^2.0.1"
  checksum: 10c0/895a23929da416f2bd3de7e9cb4eabd340949328ab85ddd6e484a637d8f6820d485f53933446f5291c3b760cbc488beb8e88573dd0f9c7daf83dccc8fe81b041
  languageName: node
  linkType: hard

"cjs-module-lexer@npm:^2.2.0":
  version: 2.2.1
  resolution: "cjs-module-lexer@npm:2.2.1"
  checksum: 10c0/889777eb1e32c4662bf3744fdf09aca444a3f9373d70a8c3d2a575e845e415988912a70a7b5e3c2bf943c7547d930dff641c4e0ff2ee2110ba1daca05b2310cd
  languageName: node
  linkType: hard

"cliui@npm:^8.0.1":
  version: 8.0.1
  resolution: "cliui@npm:8.0.1"
  dependencies:
    string-width: "npm:^4.2.0"
    strip-ansi: "npm:^6.0.1"
    wrap-ansi: "npm:^7.0.0"
  checksum: 10c0/4bda0f09c340cbb6dfdc1ed508b3ca080f12992c18d68c6be4d9cf51756033d5266e61ec57529e610dacbf4da1c634423b0c1b11037709cc6b09045cbd815df5
  languageName: node
  linkType: hard

"color-convert@npm:^2.0.1":
  version: 2.0.1
  resolution: "color-convert@npm:2.0.1"
  dependencies:
    color-name: "npm:~1.1.4"
  checksum: 10c0/37e1150172f2e311fe1b2df62c6293a342ee7380da7b9cfdba67ea539909afbd74da27033208d01d6d5cfc65ee7868a22e18d7e7648e004425441c0f8a15a7d7
  languageName: node
  linkType: hard

"color-name@npm:~1.1.4":
  version: 1.1.4
  resolution: "color-name@npm:1.1.4"
  checksum: 10c0/a1a3f914156960902f46f7f56bc62effc6c94e84b2cae157a526b1c1f74b677a47ec602bf68a61abfa2b42d15b7c5651c6dbe72a43af720bc588dff885b10f95
  languageName: node
  linkType: hard

"debug@npm:^4.3.5":
  version: 4.4.3
  resolution: "debug@npm:4.4.3"
  dependencies:
    ms: "npm:^2.1.3"
  peerDependenciesMeta:
    supports-color:
      optional: true
  checksum: 10c0/d79136ec6c83ecbefd0f6a5593da6a9c91ec4d7ddc4b54c883d6e71ec9accb5f67a1a5e96d00a328196b5b5c86d365e98d8a3a70856aaf16b4e7b1985e67f5a6
  languageName: node
  linkType: hard

"dotenv@npm:^16.4.5":
  version: 16.6.1
  resolution: "dotenv@npm:16.6.1"
  checksum: 10c0/15ce56608326ea0d1d9414a5c8ee6dcf0fffc79d2c16422b4ac2268e7e2d76ff5a572d37ffe747c377de12005f14b3cc22361e79fc7f1061cce81f77d2c973dc
  languageName: node
  linkType: hard

"emoji-regex@npm:^8.0.0":
  version: 8.0.0
  resolution: "emoji-regex@npm:8.0.0"
  checksum: 10c0/b6053ad39951c4cf338f9092d7bfba448cdfd46fe6a2a034700b149ac9ffbc137e361cbd3c442297f86bed2e5f7576c1b54cc0a6bf8ef5106cc62f496af35010
  languageName: node
  linkType: hard

"es-module-lexer@npm:^2.2.0":
  version: 2.3.2
  resolution: "es-module-lexer@npm:2.3.2"
  checksum: 10c0/5e7389424c43478439f12f9a6aca1750f6f99afa384fc3de329f4a45f152ab156671055008adaafc74960877abf8cc338aeebf6bed8c21297b146fd6eb7a22f8
  languageName: node
  linkType: hard

"escalade@npm:^3.1.1":
  version: 3.2.0
  resolution: "escalade@npm:3.2.0"
  checksum: 10c0/ced4dd3a78e15897ed3be74e635110bbf3b08877b0a41be50dcb325ee0e0b5f65fc2d50e9845194d7c4633f327e2e1c6cce00a71b617c5673df0374201d67f65
  languageName: node
  linkType: hard

"get-caller-file@npm:^2.0.5":
  version: 2.0.5
  resolution: "get-caller-file@npm:2.0.5"
  checksum: 10c0/c6c7b60271931fa752aeb92f2b47e355eac1af3a2673f47c9589e8f8a41adc74d45551c1bc57b5e66a80609f10ffb72b6f575e4370d61cc3f7f3aaff01757cde
  languageName: node
  linkType: hard

"import-in-the-middle@npm:^3.0.0":
  version: 3.3.3
  resolution: "import-in-the-middle@npm:3.3.3"
  dependencies:
    cjs-module-lexer: "npm:^2.2.0"
    es-module-lexer: "npm:^2.2.0"
    module-details-from-path: "npm:^1.0.4"
  checksum: 10c0/8851038b0314fdf54368e036a79b2f8046bca938ea5cc66ff9dda774c76a1540b59acddc7d9999ba7fee5769a5bc562b98acc39e9a257f4953ee629238cb8de1
  languageName: node
  linkType: hard

"is-fullwidth-code-point@npm:^3.0.0":
  version: 3.0.0
  resolution: "is-fullwidth-code-point@npm:3.0.0"
  checksum: 10c0/bb11d825e049f38e04c06373a8d72782eee0205bda9d908cc550ccb3c59b99d750ff9537982e01733c1c94a58e35400661f57042158ff5e8f3e90cf936daf0fc
  languageName: node
  linkType: hard

"lodash.camelcase@npm:^4.3.0":
  version: 4.3.0
  resolution: "lodash.camelcase@npm:4.3.0"
  checksum: 10c0/fcba15d21a458076dd309fce6b1b4bf611d84a0ec252cb92447c948c533ac250b95d2e00955801ebc367e5af5ed288b996d75d37d2035260a937008e14eaf432
  languageName: node
  linkType: hard

"long@npm:^5.0.0, long@npm:^5.3.2":
  version: 5.3.2
  resolution: "long@npm:5.3.2"
  checksum: 10c0/7130fe1cbce2dca06734b35b70d380ca3f70271c7f8852c922a7c62c86c4e35f0c39290565eca7133c625908d40e126ac57c02b1b1a4636b9457d77e1e60b981
  languageName: node
  linkType: hard

"module-details-from-path@npm:^1.0.3, module-details-from-path@npm:^1.0.4":
  version: 1.0.4
  resolution: "module-details-from-path@npm:1.0.4"
  checksum: 10c0/10863413e96dab07dee917eae07afe46f7bf853065cc75a7d2a718adf67574857fb64f8a2c0c9af12ac733a9a8cf652db7ed39b95f7a355d08106cb9cc50c83b
  languageName: node
  linkType: hard

"ms@npm:^2.1.3":
  version: 2.1.3
  resolution: "ms@npm:2.1.3"
  checksum: 10c0/d924b57e7312b3b63ad21fc5b3dc0af5e78d61a1fc7cfb5457edaf26326bf62be5307cc87ffb6862ef1c2b33b0233cdb5d4f01c4c958cc0d660948b65a287a48
  languageName: node
  linkType: hard

"mustache@npm:^4.2.0":
  version: 4.2.0
  resolution: "mustache@npm:4.2.0"
  bin:
    mustache: bin/mustache
  checksum: 10c0/1f8197e8a19e63645a786581d58c41df7853da26702dbc005193e2437c98ca49b255345c173d50c08fe4b4dbb363e53cb655ecc570791f8deb09887248dd34a2
  languageName: node
  linkType: hard

"poor-man-evals@workspace:.":
  version: 0.0.0-use.local
  resolution: "poor-man-evals@workspace:."
  dependencies:
    "@langfuse/client": "npm:^5.11.1"
    "@langfuse/otel": "npm:^5.11.1"
    "@langfuse/tracing": "npm:^5.11.1"
    "@opentelemetry/api": "npm:^1.9.0"
    "@opentelemetry/core": "npm:^2.0.1"
    "@opentelemetry/exporter-trace-otlp-http": "npm:^0.221.0"
    "@opentelemetry/sdk-node": "npm:^0.221.0"
    "@opentelemetry/sdk-trace-base": "npm:^2.0.1"
    dotenv: "npm:^16.4.5"
  languageName: unknown
  linkType: soft

"protobufjs@npm:^7.5.5":
  version: 7.6.6
  resolution: "protobufjs@npm:7.6.6"
  dependencies:
    "@protobufjs/aspromise": "npm:^1.1.2"
    "@protobufjs/base64": "npm:^1.1.2"
    "@protobufjs/codegen": "npm:^2.0.5"
    "@protobufjs/eventemitter": "npm:^1.1.1"
    "@protobufjs/fetch": "npm:^1.1.1"
    "@protobufjs/float": "npm:^1.0.2"
    "@protobufjs/path": "npm:^1.1.2"
    "@protobufjs/pool": "npm:^1.1.0"
    "@protobufjs/utf8": "npm:^1.1.1"
    "@types/node": "npm:>=13.7.0"
    long: "npm:^5.3.2"
  checksum: 10c0/6c0dc6d4a2801825e39417bc116297d5261c0cf28892a5e28adafc13432331c0cb75603bbe50ad6f2715f3b0a9ce2896591ad6b51fdc8eae2d05b9ac2e4a8ec1
  languageName: node
  linkType: hard

"require-directory@npm:^2.1.1":
  version: 2.1.1
  resolution: "require-directory@npm:2.1.1"
  checksum: 10c0/83aa76a7bc1531f68d92c75a2ca2f54f1b01463cb566cf3fbc787d0de8be30c9dbc211d1d46be3497dac5785fe296f2dd11d531945ac29730643357978966e99
  languageName: node
  linkType: hard

"require-in-the-middle@npm:^8.0.0":
  version: 8.0.1
  resolution: "require-in-the-middle@npm:8.0.1"
  dependencies:
    debug: "npm:^4.3.5"
    module-details-from-path: "npm:^1.0.3"
  checksum: 10c0/4b3d29adfff873585dceffa9ddb8f33bb6599001ddff758503e0e5ade2ae6d20d691314125bb13679fa75a19893338e11953d4702dd2fea181e95c0f8316b29b
  languageName: node
  linkType: hard

"string-width@npm:^4.1.0, string-width@npm:^4.2.0, string-width@npm:^4.2.3":
  version: 4.2.3
  resolution: "string-width@npm:4.2.3"
  dependencies:
    emoji-regex: "npm:^8.0.0"
    is-fullwidth-code-point: "npm:^3.0.0"
    strip-ansi: "npm:^6.0.1"
  checksum: 10c0/1e525e92e5eae0afd7454086eed9c818ee84374bb80328fc41217ae72ff5f065ef1c9d7f72da41de40c75fa8bb3dee63d92373fd492c84260a552c636392a47b
  languageName: node
  linkType: hard

"strip-ansi@npm:^6.0.0, strip-ansi@npm:^6.0.1":
  version: 6.0.1
  resolution: "strip-ansi@npm:6.0.1"
  dependencies:
    ansi-regex: "npm:^5.0.1"
  checksum: 10c0/1ae5f212a126fe5b167707f716942490e3933085a5ff6c008ab97ab2f272c8025d3aa218b7bd6ab25729ca20cc81cddb252102f8751e13482a5199e873680952
  languageName: node
  linkType: hard

"undici-types@npm:~8.3.0":
  version: 8.3.0
  resolution: "undici-types@npm:8.3.0"
  checksum: 10c0/c8aa7e2fbebfce519654dafadc0ece59be888d2ccaf180fb4495da875e7b536d2456345c384069c7e6f3e9c9ab7435f074957da306f142343eee86ff8048855a
  languageName: node
  linkType: hard

"wrap-ansi@npm:^7.0.0":
  version: 7.0.0
  resolution: "wrap-ansi@npm:7.0.0"
  dependencies:
    ansi-styles: "npm:^4.0.0"
    string-width: "npm:^4.1.0"
    strip-ansi: "npm:^6.0.0"
  checksum: 10c0/d15fc12c11e4cbc4044a552129ebc75ee3f57aa9c1958373a4db0292d72282f54373b536103987a4a7594db1ef6a4f10acf92978f79b98c49306a4b58c77d4da
  languageName: node
  linkType: hard

"y18n@npm:^5.0.5":
  version: 5.0.8
  resolution: "y18n@npm:5.0.8"
  checksum: 10c0/4df2842c36e468590c3691c894bc9cdbac41f520566e76e24f59401ba7d8b4811eb1e34524d57e54bc6d864bcb66baab7ffd9ca42bf1eda596618f9162b91249
  languageName: node
  linkType: hard

"yaml@npm:^2.8.3":
  version: 2.9.0
  resolution: "yaml@npm:2.9.0"
  bin:
    yaml: bin.mjs
  checksum: 10c0/f340718df45e97a9551b9bf9dac61c80050bc464513b710debfb5067c380c8472e3b67809cffacb4ab5ffb5e66ef9310816c88b05f371cec60abfedd8c88e0a2
  languageName: node
  linkType: hard

"yargs-parser@npm:^21.1.1":
  version: 21.1.1
  resolution: "yargs-parser@npm:21.1.1"
  checksum: 10c0/f84b5e48169479d2f402239c59f084cfd1c3acc197a05c59b98bab067452e6b3ea46d4dd8ba2985ba7b3d32a343d77df0debd6b343e5dae3da2aab2cdf5886b2
  languageName: node
  linkType: hard

"yargs@npm:^17.7.2":
  version: 17.7.3
  resolution: "yargs@npm:17.7.3"
  dependencies:
    cliui: "npm:^8.0.1"
    escalade: "npm:^3.1.1"
    get-caller-file: "npm:^2.0.5"
    require-directory: "npm:^2.1.1"
    string-width: "npm:^4.2.3"
    y18n: "npm:^5.0.5"
    yargs-parser: "npm:^21.1.1"
  checksum: 10c0/7a28572f7e785a57886e34fdbddb9b28756dec552e1453d5f6e7cdd00ad8721a4e8c4321d33683f5e61cacb36ad43258adbb48396b71ec4ed14abee0fc0d0c1f
  languageName: node
  linkType: hard
